{
  "requires": true,
  "lockfileVersion": 1,
  "dependencies": {
    "ngx-smart-popover": {
      "version": "0.0.4",
      "resolved": "https://registry.npmjs.org/ngx-smart-popover/-/ngx-smart-popover-0.0.4.tgz",
      "integrity": "sha512-aeQntjb/Ve9FwkwoBUnUsxCBN0NIDT9sYnUmNk5/5wOe2B2JNdqQ/AgCDsWM2WfmvjfTFOsrjDmDlhUVWqJiIw=="
    }
  }
}
